
Microsoft Visual Studio Solution File, Format Version 12.00
# Visual Studio Version 16
VisualStudioVersion = 16.0.29905.134
MinimumVisualStudioVersion = 10.0.40219.1
Project("{FAE04EC0-301F-11D3-BF4B-00C04F79EFBC}") = "QuizAPI", "QuizAPI\QuizAPI.csproj", "{C533CF75-A256-488E-8853-B7720F6A81BD}"
EndProject
Global
	GlobalSection(SolutionConfigurationPlatforms) = preSolution
		Debug|Any CPU = Debug|Any CPU
		Release|Any CPU = Release|Any CPU
	EndGlobalSection
	GlobalSection(ProjectConfigurationPlatforms) = postSolution
		{C533CF75-A256-488E-8853-B7720F6A81BD}.Debug|Any CPU.ActiveCfg = Debug|Any CPU
		{C533CF75-A256-488E-8853-B7720F6A81BD}.Debug|Any CPU.Build.0 = Debug|Any CPU
		{C533CF75-A256-488E-8853-B7720F6A81BD}.Release|Any CPU.ActiveCfg = Release|Any CPU
		{C533CF75-A256-488E-8853-B7720F6A81BD}.Release|Any CPU.Build.0 = Release|Any CPU
	EndGlobalSection
	GlobalSection(SolutionProperties) = preSolution
		HideSolutionNode = FALSE
	EndGlobalSection
	GlobalSection(ExtensibilityGlobals) = postSolution
		SolutionGuid = {9071E4DA-AC36-44EA-9A7D-C51DDCF32781}
	EndGlobalSection
EndGlobal
